
Microsoft Visual Studio Solution File, Format Version 12.00
# Visual Studio 14
VisualStudioVersion = 14.0.23107.0
MinimumVisualStudioVersion = 10.0.40219.1
Project("{159641D6-6404-4A2A-AE62-294DE0FE8301}") = "Carga_st_BASE_BI_PENDING", "Carga_st_BASE_BI_PENDING\Carga_st_BASE_BI_PENDING.dtproj", "{A92576C4-FBA2-4B09-AF89-890AFDE6A3A4}"
EndProject
Global
	GlobalSection(SolutionConfigurationPlatforms) = preSolution
		Development|Default = Development|Default
	EndGlobalSection
	GlobalSection(ProjectConfigurationPlatforms) = postSolution
		{A92576C4-FBA2-4B09-AF89-890AFDE6A3A4}.Development|Default.ActiveCfg = Development
		{A92576C4-FBA2-4B09-AF89-890AFDE6A3A4}.Development|Default.Build.0 = Development
	EndGlobalSection
	GlobalSection(SolutionProperties) = preSolution
		HideSolutionNode = FALSE
	EndGlobalSection
EndGlobal
