
Microsoft Visual Studio Solution File, Format Version 12.00
# Visual Studio 14
VisualStudioVersion = 14.0.23107.0
MinimumVisualStudioVersion = 10.0.40219.1
Project("{159641D6-6404-4A2A-AE62-294DE0FE8301}") = "PRJ_SAMS_CARGA_NPU", "Carga_St_NPU\PRJ_SAMS_CARGA_NPU.dtproj", "{1A5489B5-38A2-403B-A2D9-69EC9B4E3470}"
EndProject
Global
	GlobalSection(SolutionConfigurationPlatforms) = preSolution
		Development|Default = Development|Default
	EndGlobalSection
	GlobalSection(ProjectConfigurationPlatforms) = postSolution
		{1A5489B5-38A2-403B-A2D9-69EC9B4E3470}.Development|Default.ActiveCfg = Development
		{1A5489B5-38A2-403B-A2D9-69EC9B4E3470}.Development|Default.Build.0 = Development
	EndGlobalSection
	GlobalSection(SolutionProperties) = preSolution
		HideSolutionNode = FALSE
	EndGlobalSection
EndGlobal
