
Microsoft Visual Studio Solution File, Format Version 12.00
# Visual Studio 14
VisualStudioVersion = 14.0.23107.0
MinimumVisualStudioVersion = 10.0.40219.1
Project("{159641D6-6404-4A2A-AE62-294DE0FE8301}") = "Carga_ST_RMA_BASE", "Carga_ST_RMA_BASE\Carga_ST_RMA_BASE.dtproj", "{98009971-0026-40A5-A35E-08E2308B202D}"
EndProject
Global
	GlobalSection(SolutionConfigurationPlatforms) = preSolution
		Development|Default = Development|Default
	EndGlobalSection
	GlobalSection(ProjectConfigurationPlatforms) = postSolution
		{98009971-0026-40A5-A35E-08E2308B202D}.Development|Default.ActiveCfg = Development
		{98009971-0026-40A5-A35E-08E2308B202D}.Development|Default.Build.0 = Development
	EndGlobalSection
	GlobalSection(SolutionProperties) = preSolution
		HideSolutionNode = FALSE
	EndGlobalSection
EndGlobal
